
Microsoft Visual Studio Solution File, Format Version 12.00
# Visual Studio Version 17
VisualStudioVersion = 17.8.34330.188
MinimumVisualStudioVersion = 10.0.40219.1
Project("{FAE04EC0-301F-11D3-BF4B-00C04F79EFBC}") = "Strategy", "Strategy\Strategy.csproj", "{32648BDA-BCCA-4E0A-B41E-80D9F4AC3BDA}"
EndProject
Global
	GlobalSection(SolutionConfigurationPlatforms) = preSolution
		Debug|Any CPU = Debug|Any CPU
		Release|Any CPU = Release|Any CPU
	EndGlobalSection
	GlobalSection(ProjectConfigurationPlatforms) = postSolution
		{32648BDA-BCCA-4E0A-B41E-80D9F4AC3BDA}.Debug|Any CPU.ActiveCfg = Debug|Any CPU
		{32648BDA-BCCA-4E0A-B41E-80D9F4AC3BDA}.Debug|Any CPU.Build.0 = Debug|Any CPU
		{32648BDA-BCCA-4E0A-B41E-80D9F4AC3BDA}.Release|Any CPU.ActiveCfg = Release|Any CPU
		{32648BDA-BCCA-4E0A-B41E-80D9F4AC3BDA}.Release|Any CPU.Build.0 = Release|Any CPU
	EndGlobalSection
	GlobalSection(SolutionProperties) = preSolution
		HideSolutionNode = FALSE
	EndGlobalSection
	GlobalSection(ExtensibilityGlobals) = postSolution
		SolutionGuid = {4B091DB4-A5F3-4CDA-A173-95310297755E}
	EndGlobalSection
EndGlobal
