
Microsoft Visual Studio Solution File, Format Version 12.00
# Visual Studio Version 17
VisualStudioVersion = 17.8.34330.188
MinimumVisualStudioVersion = 10.0.40219.1
Project("{FAE04EC0-301F-11D3-BF4B-00C04F79EFBC}") = "Singleton", "Singleton\Singleton.csproj", "{A314D30A-2A43-4D7B-B5CF-B4D07DD5A72F}"
EndProject
Global
	GlobalSection(SolutionConfigurationPlatforms) = preSolution
		Debug|Any CPU = Debug|Any CPU
		Release|Any CPU = Release|Any CPU
	EndGlobalSection
	GlobalSection(ProjectConfigurationPlatforms) = postSolution
		{A314D30A-2A43-4D7B-B5CF-B4D07DD5A72F}.Debug|Any CPU.ActiveCfg = Debug|Any CPU
		{A314D30A-2A43-4D7B-B5CF-B4D07DD5A72F}.Debug|Any CPU.Build.0 = Debug|Any CPU
		{A314D30A-2A43-4D7B-B5CF-B4D07DD5A72F}.Release|Any CPU.ActiveCfg = Release|Any CPU
		{A314D30A-2A43-4D7B-B5CF-B4D07DD5A72F}.Release|Any CPU.Build.0 = Release|Any CPU
	EndGlobalSection
	GlobalSection(SolutionProperties) = preSolution
		HideSolutionNode = FALSE
	EndGlobalSection
	GlobalSection(ExtensibilityGlobals) = postSolution
		SolutionGuid = {19967ADF-9191-4594-8D84-67E5920BA600}
	EndGlobalSection
EndGlobal
